
Microsoft Visual Studio Solution File, Format Version 12.00
# Visual Studio 15
VisualStudioVersion = 15.0.28307.329
MinimumVisualStudioVersion = 10.0.40219.1
Project("{FAE04EC0-301F-11D3-BF4B-00C04F79EFBC}") = "WebApplication", "WebApplication\WebApplication.csproj", "{892B85CD-8456-4780-9049-547DFC196C80}"
EndProject
Global
	GlobalSection(SolutionConfigurationPlatforms) = preSolution
		Debug|Any CPU = Debug|Any CPU
		Release|Any CPU = Release|Any CPU
	EndGlobalSection
	GlobalSection(ProjectConfigurationPlatforms) = postSolution
		{892B85CD-8456-4780-9049-547DFC196C80}.Debug|Any CPU.ActiveCfg = Debug|Any CPU
		{892B85CD-8456-4780-9049-547DFC196C80}.Debug|Any CPU.Build.0 = Debug|Any CPU
		{892B85CD-8456-4780-9049-547DFC196C80}.Release|Any CPU.ActiveCfg = Release|Any CPU
		{892B85CD-8456-4780-9049-547DFC196C80}.Release|Any CPU.Build.0 = Release|Any CPU
	EndGlobalSection
	GlobalSection(SolutionProperties) = preSolution
		HideSolutionNode = FALSE
	EndGlobalSection
	GlobalSection(ExtensibilityGlobals) = postSolution
		SolutionGuid = {630BA69F-B987-47F7-8520-17668E1762DE}
	EndGlobalSection
EndGlobal
